
Microsoft Visual Studio Solution File, Format Version 12.00
# Visual Studio Version 16
VisualStudioVersion = 16.0.31729.503
MinimumVisualStudioVersion = 10.0.40219.1
Project("{FAE04EC0-301F-11D3-BF4B-00C04F79EFBC}") = "back-end", "back-end\back-end.csproj", "{5936EF20-D300-4CC9-8D4B-FBC86C5BA21C}"
EndProject
Project("{FAE04EC0-301F-11D3-BF4B-00C04F79EFBC}") = "back-end.xunit", "back-end.xunit\back-end.xunit.csproj", "{8F25B3E8-268B-4184-B03D-9A9E52379829}"
EndProject
Global
	GlobalSection(SolutionConfigurationPlatforms) = preSolution
		Debug|Any CPU = Debug|Any CPU
		Release|Any CPU = Release|Any CPU
	EndGlobalSection
	GlobalSection(ProjectConfigurationPlatforms) = postSolution
		{5936EF20-D300-4CC9-8D4B-FBC86C5BA21C}.Debug|Any CPU.ActiveCfg = Debug|Any CPU
		{5936EF20-D300-4CC9-8D4B-FBC86C5BA21C}.Debug|Any CPU.Build.0 = Debug|Any CPU
		{5936EF20-D300-4CC9-8D4B-FBC86C5BA21C}.Release|Any CPU.ActiveCfg = Release|Any CPU
		{5936EF20-D300-4CC9-8D4B-FBC86C5BA21C}.Release|Any CPU.Build.0 = Release|Any CPU
		{8F25B3E8-268B-4184-B03D-9A9E52379829}.Debug|Any CPU.ActiveCfg = Debug|Any CPU
		{8F25B3E8-268B-4184-B03D-9A9E52379829}.Debug|Any CPU.Build.0 = Debug|Any CPU
		{8F25B3E8-268B-4184-B03D-9A9E52379829}.Release|Any CPU.ActiveCfg = Release|Any CPU
		{8F25B3E8-268B-4184-B03D-9A9E52379829}.Release|Any CPU.Build.0 = Release|Any CPU
	EndGlobalSection
	GlobalSection(SolutionProperties) = preSolution
		HideSolutionNode = FALSE
	EndGlobalSection
	GlobalSection(ExtensibilityGlobals) = postSolution
		SolutionGuid = {A04EE922-82E7-422C-800C-D4893AF1351B}
	EndGlobalSection
EndGlobal
